
Microsoft Visual Studio Solution File, Format Version 12.00
# Visual Studio Version 17
VisualStudioVersion = 17.13.35825.156 d17.13
MinimumVisualStudioVersion = 10.0.40219.1
Project("{FAE04EC0-301F-11D3-BF4B-00C04F79EFBC}") = "EoIS_HW", "EoIS_HW\EoIS_HW.csproj", "{85C45FEB-4484-4D51-9102-FEBD2B4078D7}"
EndProject
Global
	GlobalSection(SolutionConfigurationPlatforms) = preSolution
		Debug|Any CPU = Debug|Any CPU
		Release|Any CPU = Release|Any CPU
	EndGlobalSection
	GlobalSection(ProjectConfigurationPlatforms) = postSolution
		{85C45FEB-4484-4D51-9102-FEBD2B4078D7}.Debug|Any CPU.ActiveCfg = Debug|Any CPU
		{85C45FEB-4484-4D51-9102-FEBD2B4078D7}.Debug|Any CPU.Build.0 = Debug|Any CPU
		{85C45FEB-4484-4D51-9102-FEBD2B4078D7}.Release|Any CPU.ActiveCfg = Release|Any CPU
		{85C45FEB-4484-4D51-9102-FEBD2B4078D7}.Release|Any CPU.Build.0 = Release|Any CPU
	EndGlobalSection
	GlobalSection(SolutionProperties) = preSolution
		HideSolutionNode = FALSE
	EndGlobalSection
	GlobalSection(ExtensibilityGlobals) = postSolution
		SolutionGuid = {B5EF433A-C662-47B7-8378-66D1B7776314}
	EndGlobalSection
EndGlobal
