
Microsoft Visual Studio Solution File, Format Version 12.00
# Visual Studio Version 17
VisualStudioVersion = 17.14.36717.8 d17.14
MinimumVisualStudioVersion = 10.0.40219.1
Project("{FAE04EC0-301F-11D3-BF4B-00C04F79EFBC}") = "MQTT_broker", "MQTT_broker.csproj", "{6944ECEC-9BBF-4320-B92E-2EC8F8309920}"
EndProject
Global
	GlobalSection(SolutionConfigurationPlatforms) = preSolution
		Debug|Any CPU = Debug|Any CPU
		Release|Any CPU = Release|Any CPU
	EndGlobalSection
	GlobalSection(ProjectConfigurationPlatforms) = postSolution
		{6944ECEC-9BBF-4320-B92E-2EC8F8309920}.Debug|Any CPU.ActiveCfg = Debug|Any CPU
		{6944ECEC-9BBF-4320-B92E-2EC8F8309920}.Debug|Any CPU.Build.0 = Debug|Any CPU
		{6944ECEC-9BBF-4320-B92E-2EC8F8309920}.Release|Any CPU.ActiveCfg = Release|Any CPU
		{6944ECEC-9BBF-4320-B92E-2EC8F8309920}.Release|Any CPU.Build.0 = Release|Any CPU
	EndGlobalSection
	GlobalSection(SolutionProperties) = preSolution
		HideSolutionNode = FALSE
	EndGlobalSection
	GlobalSection(ExtensibilityGlobals) = postSolution
		SolutionGuid = {E538C8D9-DBDE-48B2-8B71-DB44273A7036}
	EndGlobalSection
EndGlobal
